PODS:
  - AttributedStringSugar (1.0.3)

DEPENDENCIES:
  - AttributedStringSugar (from `../`)

EXTERNAL SOURCES:
  AttributedStringSugar:
    :path: "../"

SPEC CHECKSUMS:
  AttributedStringSugar: 0b8844966d7373be1af73314925dbb5bc2c43aab

PODFILE CHECKSUM: 05863bb7faeecdca48a8d55198b9618aa4a1b60d

COCOAPODS: 1.9.1
